
Microsoft Visual Studio Solution File, Format Version 12.00
# Visual Studio Version 16
VisualStudioVersion = 16.0.31515.178
MinimumVisualStudioVersion = 10.0.40219.1
Project("{FAE04EC0-301F-11D3-BF4B-00C04F79EFBC}") = "oni-vietnamese", "oni-vietnamese.csproj", "{D3F89045-48F4-4BBC-AD9B-19646D35A141}"
EndProject
Project("{2150E333-8FDC-42A3-9474-1A3956D46DE8}") = "Solution Items", "Solution Items", "{75B34AD2-0C87-417D-81E5-77C6A7CB35EE}"
	ProjectSection(SolutionItems) = preProject
		.gitattributes = .gitattributes
		.gitignore = .gitignore
		Directory.Build.props = Directory.Build.props
		Directory.Build.targets = Directory.Build.targets
	EndProjectSection
EndProject
Global
	GlobalSection(SolutionConfigurationPlatforms) = preSolution
		Debug|Any CPU = Debug|Any CPU
		Release|Any CPU = Release|Any CPU
	EndGlobalSection
	GlobalSection(ProjectConfigurationPlatforms) = postSolution
		{D3F89045-48F4-4BBC-AD9B-19646D35A141}.Debug|Any CPU.ActiveCfg = Debug|Any CPU
		{D3F89045-48F4-4BBC-AD9B-19646D35A141}.Debug|Any CPU.Build.0 = Debug|Any CPU
		{D3F89045-48F4-4BBC-AD9B-19646D35A141}.Release|Any CPU.ActiveCfg = Release|Any CPU
		{D3F89045-48F4-4BBC-AD9B-19646D35A141}.Release|Any CPU.Build.0 = Release|Any CPU
	EndGlobalSection
	GlobalSection(SolutionProperties) = preSolution
		HideSolutionNode = FALSE
	EndGlobalSection
	GlobalSection(ExtensibilityGlobals) = postSolution
		SolutionGuid = {F3849715-EE8D-4FAB-BBC3-B7CD461BE0DB}
	EndGlobalSection
EndGlobal
